
Microsoft Visual Studio Solution File, Format Version 12.00
# Visual Studio Version 17
VisualStudioVersion = 17.5.33516.290
MinimumVisualStudioVersion = 10.0.40219.1
Project("{9092AA53-FB77-4645-B42D-1CCCA6BD08BD}") = "Materialism", "Materialism.njsproj", "{06F7AD66-7739-4AA8-A0CC-C33E7AAB08C6}"
EndProject
Global
	GlobalSection(SolutionConfigurationPlatforms) = preSolution
		Debug|Any CPU = Debug|Any CPU
		Release|Any CPU = Release|Any CPU
	EndGlobalSection
	GlobalSection(ProjectConfigurationPlatforms) = postSolution
		{06F7AD66-7739-4AA8-A0CC-C33E7AAB08C6}.Debug|Any CPU.ActiveCfg = Debug|Any CPU
		{06F7AD66-7739-4AA8-A0CC-C33E7AAB08C6}.Debug|Any CPU.Build.0 = Debug|Any CPU
		{06F7AD66-7739-4AA8-A0CC-C33E7AAB08C6}.Release|Any CPU.ActiveCfg = Release|Any CPU
		{06F7AD66-7739-4AA8-A0CC-C33E7AAB08C6}.Release|Any CPU.Build.0 = Release|Any CPU
	EndGlobalSection
	GlobalSection(SolutionProperties) = preSolution
		HideSolutionNode = FALSE
	EndGlobalSection
	GlobalSection(ExtensibilityGlobals) = postSolution
		SolutionGuid = {DAC0CA0F-A4E8-4677-91CD-9EE06E863D4C}
	EndGlobalSection
EndGlobal
